// !$*UTF8*$!
{
	archiveVersion = 1;
	classes = {
	};
	objectVersion = 55;
	objects = {

/* Begin PBXBuildFile section */
		0C03A703285D639800D029F9 /* SwiftUIPlayGroundApp.swift in Sources */ = {isa = PBXBuildFile; fileRef = 0C03A702285D639800D029F9 /* SwiftUIPlayGroundApp.swift */; };
		0C03A705285D639800D029F9 /* ContentView.swift in Sources */ = {isa = PBXBuildFile; fileRef = 0C03A704285D639800D029F9 /* ContentView.swift */; };
		0C03A707285D639A00D029F9 /* Assets.xcassets in Resources */ = {isa = PBXBuildFile; fileRef = 0C03A706285D639A00D029F9 /* Assets.xcassets */; };
		0C03A70A285D639A00D029F9 /* Preview Assets.xcassets in Resources */ = {isa = PBXBuildFile; fileRef = 0C03A709285D639A00D029F9 /* Preview Assets.xcassets */; };
		0C03A711285D70E900D029F9 /* Layout.swift in Sources */ = {isa = PBXBuildFile; fileRef = 0C03A710285D70E900D029F9 /* Layout.swift */; };
		0C03A713285DE4ED00D029F9 /* CustumShapeLine.swift in Sources */ = {isa = PBXBuildFile; fileRef = 0C03A712285DE4ED00D029F9 /* CustumShapeLine.swift */; };
		0C03A715285DEB6500D029F9 /* CustomShapeRect.swift in Sources */ = {isa = PBXBuildFile; fileRef = 0C03A714285DEB6500D029F9 /* CustomShapeRect.swift */; };
		0C03A719285DEE5C00D029F9 /* CustomShapeOther.swift in Sources */ = {isa = PBXBuildFile; fileRef = 0C03A718285DEE5C00D029F9 /* CustomShapeOther.swift */; };
		0C03A71F285F5B8E00D029F9 /* CustomTap.swift in Sources */ = {isa = PBXBuildFile; fileRef = 0C03A71E285F5B8E00D029F9 /* CustomTap.swift */; };
		0C03A721285F5F6A00D029F9 /* CustomDrag.swift in Sources */ = {isa = PBXBuildFile; fileRef = 0C03A720285F5F6A00D029F9 /* CustomDrag.swift */; };
		0C03A723285F641900D029F9 /* CustomMagnification.swift in Sources */ = {isa = PBXBuildFile; fileRef = 0C03A722285F641900D029F9 /* CustomMagnification.swift */; };
		0C6BC02228614DCA005229AB /* CustomTapMultiple.swift in Sources */ = {isa = PBXBuildFile; fileRef = 0C6BC02128614DCA005229AB /* CustomTapMultiple.swift */; };
		0C8CBF5B286155AC001A0042 /* CustomRotationAndMag.swift in Sources */ = {isa = PBXBuildFile; fileRef = 0C8CBF5A286155AC001A0042 /* CustomRotationAndMag.swift */; };
		0C8CBF5F28616053001A0042 /* CustomAnimationWithViewObject.swift in Sources */ = {isa = PBXBuildFile; fileRef = 0C8CBF5E28616053001A0042 /* CustomAnimationWithViewObject.swift */; };
		0C8CBF61286167B6001A0042 /* CustomAnimationWithBindingPropertyWithAnimation.swift in Sources */ = {isa = PBXBuildFile; fileRef = 0C8CBF60286167B6001A0042 /* CustomAnimationWithBindingPropertyWithAnimation.swift */; };
		0C8CBF6328616D89001A0042 /* CustomAnimationWithBindingPropertyWithModifire.swift in Sources */ = {isa = PBXBuildFile; fileRef = 0C8CBF6228616D89001A0042 /* CustomAnimationWithBindingPropertyWithModifire.swift */; };
		0C8CBF6728616FFE001A0042 /* CustomAnimationVariation.swift in Sources */ = {isa = PBXBuildFile; fileRef = 0C8CBF6628616FFE001A0042 /* CustomAnimationVariation.swift */; };
		0C8CBF6A28627547001A0042 /* CustomTransition.swift in Sources */ = {isa = PBXBuildFile; fileRef = 0C8CBF6928627547001A0042 /* CustomTransition.swift */; };
		0C91DA1328632F1E00631DF3 /* CustomTransitionOther.swift in Sources */ = {isa = PBXBuildFile; fileRef = 0C91DA1228632F1E00631DF3 /* CustomTransitionOther.swift */; };
		0C91DA182863C82A00631DF3 /* GeometryReaderSizeSafeArea.swift in Sources */ = {isa = PBXBuildFile; fileRef = 0C91DA172863C82A00631DF3 /* GeometryReaderSizeSafeArea.swift */; };
		0C91DA1A2863D2C700631DF3 /* GeometryReaderFrame.swift in Sources */ = {isa = PBXBuildFile; fileRef = 0C91DA192863D2C700631DF3 /* GeometryReaderFrame.swift */; };
		0C91DA1D28651DE200631DF3 /* BackGroundAndOverlay.swift in Sources */ = {isa = PBXBuildFile; fileRef = 0C91DA1C28651DE200631DF3 /* BackGroundAndOverlay.swift */; };
		0C91DA1F2867125700631DF3 /* Alignment.swift in Sources */ = {isa = PBXBuildFile; fileRef = 0C91DA1E2867125700631DF3 /* Alignment.swift */; };
		0C91DA23286718D200631DF3 /* AlignmentGuide.swift in Sources */ = {isa = PBXBuildFile; fileRef = 0C91DA22286718D200631DF3 /* AlignmentGuide.swift */; };
/* End PBXBuildFile section */

/* Begin PBXFileReference section */
		0C03A6FF285D639800D029F9 /* SwiftUIPlayGround.app */ = {isa = PBXFileReference; explicitFileType = wrapper.application; includeInIndex = 0; path = SwiftUIPlayGround.app; sourceTree = BUILT_PRODUCTS_DIR; };
		0C03A702285D639800D029F9 /* SwiftUIPlayGroundApp.swift */ = {isa = PBXFileReference; lastKnownFileType = sourcecode.swift; path = SwiftUIPlayGroundApp.swift; sourceTree = "<group>"; };
		0C03A704285D639800D029F9 /* ContentView.swift */ = {isa = PBXFileReference; lastKnownFileType = sourcecode.swift; path = ContentView.swift; sourceTree = "<group>"; };
		0C03A706285D639A00D029F9 /* Assets.xcassets */ = {isa = PBXFileReference; lastKnownFileType = folder.assetcatalog; path = Assets.xcassets; sourceTree = "<group>"; };
		0C03A709285D639A00D029F9 /* Preview Assets.xcassets */ = {isa = PBXFileReference; lastKnownFileType = folder.assetcatalog; path = "Preview Assets.xcassets"; sourceTree = "<group>"; };
		0C03A710285D70E900D029F9 /* Layout.swift */ = {isa = PBXFileReference; lastKnownFileType = sourcecode.swift; path = Layout.swift; sourceTree = "<group>"; };
		0C03A712285DE4ED00D029F9 /* CustumShapeLine.swift */ = {isa = PBXFileReference; lastKnownFileType = sourcecode.swift; path = CustumShapeLine.swift; sourceTree = "<group>"; };
		0C03A714285DEB6500D029F9 /* CustomShapeRect.swift */ = {isa = PBXFileReference; lastKnownFileType = sourcecode.swift; path = CustomShapeRect.swift; sourceTree = "<group>"; };
		0C03A718285DEE5C00D029F9 /* CustomShapeOther.swift */ = {isa = PBXFileReference; lastKnownFileType = sourcecode.swift; path = CustomShapeOther.swift; sourceTree = "<group>"; };
		0C03A71E285F5B8E00D029F9 /* CustomTap.swift */ = {isa = PBXFileReference; lastKnownFileType = sourcecode.swift; path = CustomTap.swift; sourceTree = "<group>"; };
		0C03A720285F5F6A00D029F9 /* CustomDrag.swift */ = {isa = PBXFileReference; lastKnownFileType = sourcecode.swift; path = CustomDrag.swift; sourceTree = "<group>"; };
		0C03A722285F641900D029F9 /* CustomMagnification.swift */ = {isa = PBXFileReference; lastKnownFileType = sourcecode.swift; path = CustomMagnification.swift; sourceTree = "<group>"; };
		0C6BC02128614DCA005229AB /* CustomTapMultiple.swift */ = {isa = PBXFileReference; lastKnownFileType = sourcecode.swift; path = CustomTapMultiple.swift; sourceTree = "<group>"; };
		0C8CBF5A286155AC001A0042 /* CustomRotationAndMag.swift */ = {isa = PBXFileReference; lastKnownFileType = sourcecode.swift; path = CustomRotationAndMag.swift; sourceTree = "<group>"; };
		0C8CBF5E28616053001A0042 /* CustomAnimationWithViewObject.swift */ = {isa = PBXFileReference; lastKnownFileType = sourcecode.swift; path = CustomAnimationWithViewObject.swift; sourceTree = "<group>"; };
		0C8CBF60286167B6001A0042 /* CustomAnimationWithBindingPropertyWithAnimation.swift */ = {isa = PBXFileReference; lastKnownFileType = sourcecode.swift; path = CustomAnimationWithBindingPropertyWithAnimation.swift; sourceTree = "<group>"; };
		0C8CBF6228616D89001A0042 /* CustomAnimationWithBindingPropertyWithModifire.swift */ = {isa = PBXFileReference; lastKnownFileType = sourcecode.swift; path = CustomAnimationWithBindingPropertyWithModifire.swift; sourceTree = "<group>"; };
		0C8CBF6628616FFE001A0042 /* CustomAnimationVariation.swift */ = {isa = PBXFileReference; lastKnownFileType = sourcecode.swift; path = CustomAnimationVariation.swift; sourceTree = "<group>"; };
		0C8CBF6928627547001A0042 /* CustomTransition.swift */ = {isa = PBXFileReference; lastKnownFileType = sourcecode.swift; path = CustomTransition.swift; sourceTree = "<group>"; };
		0C91DA1228632F1E00631DF3 /* CustomTransitionOther.swift */ = {isa = PBXFileReference; lastKnownFileType = sourcecode.swift; path = CustomTransitionOther.swift; sourceTree = "<group>"; };
		0C91DA172863C82A00631DF3 /* GeometryReaderSizeSafeArea.swift */ = {isa = PBXFileReference; lastKnownFileType = sourcecode.swift; path = GeometryReaderSizeSafeArea.swift; sourceTree = "<group>"; };
		0C91DA192863D2C700631DF3 /* GeometryReaderFrame.swift */ = {isa = PBXFileReference; lastKnownFileType = sourcecode.swift; path = GeometryReaderFrame.swift; sourceTree = "<group>"; };
		0C91DA1C28651DE200631DF3 /* BackGroundAndOverlay.swift */ = {isa = PBXFileReference; lastKnownFileType = sourcecode.swift; path = BackGroundAndOverlay.swift; sourceTree = "<group>"; };
		0C91DA1E2867125700631DF3 /* Alignment.swift */ = {isa = PBXFileReference; lastKnownFileType = sourcecode.swift; path = Alignment.swift; sourceTree = "<group>"; };
		0C91DA22286718D200631DF3 /* AlignmentGuide.swift */ = {isa = PBXFileReference; lastKnownFileType = sourcecode.swift; path = AlignmentGuide.swift; sourceTree = "<group>"; };
/* End PBXFileReference section */

/* Begin PBXFrameworksBuildPhase section */
		0C03A6FC285D639800D029F9 /* Frameworks */ = {
			isa = PBXFrameworksBuildPhase;
			buildActionMask = 2147483647;
			files = (
			);
			runOnlyForDeploymentPostprocessing = 0;
		};
/* End PBXFrameworksBuildPhase section */

/* Begin PBXGroup section */
		0C03A6F6285D639800D029F9 = {
			isa = PBXGroup;
			children = (
				0C03A701285D639800D029F9 /* SwiftUIPlayGround */,
				0C03A700285D639800D029F9 /* Products */,
			);
			sourceTree = "<group>";
		};
		0C03A700285D639800D029F9 /* Products */ = {
			isa = PBXGroup;
			children = (
				0C03A6FF285D639800D029F9 /* SwiftUIPlayGround.app */,
			);
			name = Products;
			sourceTree = "<group>";
		};
		0C03A701285D639800D029F9 /* SwiftUIPlayGround */ = {
			isa = PBXGroup;
			children = (
				0C91DA1B28651DAA00631DF3 /* GeometryReader */,
				0C91DA142863C76400631DF3 /* Transition */,
				0C8CBF682861A8D5001A0042 /* CustomAnimation */,
				0C03A71D285F5B0B00D029F9 /* CustomGesture */,
				0C03A71A285DF66700D029F9 /* CustomShape */,
				0C03A702285D639800D029F9 /* SwiftUIPlayGroundApp.swift */,
				0C03A704285D639800D029F9 /* ContentView.swift */,
				0C03A710285D70E900D029F9 /* Layout.swift */,
				0C03A706285D639A00D029F9 /* Assets.xcassets */,
				0C03A708285D639A00D029F9 /* Preview Content */,
				0C91DA1C28651DE200631DF3 /* BackGroundAndOverlay.swift */,
				0C91DA1E2867125700631DF3 /* Alignment.swift */,
				0C91DA22286718D200631DF3 /* AlignmentGuide.swift */,
			);
			path = SwiftUIPlayGround;
			sourceTree = "<group>";
		};
		0C03A708285D639A00D029F9 /* Preview Content */ = {
			isa = PBXGroup;
			children = (
				0C03A709285D639A00D029F9 /* Preview Assets.xcassets */,
			);
			path = "Preview Content";
			sourceTree = "<group>";
		};
		0C03A71A285DF66700D029F9 /* CustomShape */ = {
			isa = PBXGroup;
			children = (
				0C03A712285DE4ED00D029F9 /* CustumShapeLine.swift */,
				0C03A714285DEB6500D029F9 /* CustomShapeRect.swift */,
				0C03A718285DEE5C00D029F9 /* CustomShapeOther.swift */,
			);
			path = CustomShape;
			sourceTree = "<group>";
		};
		0C03A71D285F5B0B00D029F9 /* CustomGesture */ = {
			isa = PBXGroup;
			children = (
				0C03A71E285F5B8E00D029F9 /* CustomTap.swift */,
				0C6BC02128614DCA005229AB /* CustomTapMultiple.swift */,
				0C8CBF5A286155AC001A0042 /* CustomRotationAndMag.swift */,
				0C03A720285F5F6A00D029F9 /* CustomDrag.swift */,
				0C03A722285F641900D029F9 /* CustomMagnification.swift */,
			);
			path = CustomGesture;
			sourceTree = "<group>";
		};
		0C8CBF682861A8D5001A0042 /* CustomAnimation */ = {
			isa = PBXGroup;
			children = (
				0C8CBF5E28616053001A0042 /* CustomAnimationWithViewObject.swift */,
				0C8CBF60286167B6001A0042 /* CustomAnimationWithBindingPropertyWithAnimation.swift */,
				0C8CBF6228616D89001A0042 /* CustomAnimationWithBindingPropertyWithModifire.swift */,
				0C8CBF6628616FFE001A0042 /* CustomAnimationVariation.swift */,
			);
			path = CustomAnimation;
			sourceTree = "<group>";
		};
		0C91DA142863C76400631DF3 /* Transition */ = {
			isa = PBXGroup;
			children = (
				0C8CBF6928627547001A0042 /* CustomTransition.swift */,
				0C91DA1228632F1E00631DF3 /* CustomTransitionOther.swift */,
			);
			path = Transition;
			sourceTree = "<group>";
		};
		0C91DA1B28651DAA00631DF3 /* GeometryReader */ = {
			isa = PBXGroup;
			children = (
				0C91DA172863C82A00631DF3 /* GeometryReaderSizeSafeArea.swift */,
				0C91DA192863D2C700631DF3 /* GeometryReaderFrame.swift */,
			);
			path = GeometryReader;
			sourceTree = "<group>";
		};
/* End PBXGroup section */

/* Begin PBXNativeTarget section */
		0C03A6FE285D639800D029F9 /* SwiftUIPlayGround */ = {
			isa = PBXNativeTarget;
			buildConfigurationList = 0C03A70D285D639A00D029F9 /* Build configuration list for PBXNativeTarget "SwiftUIPlayGround" */;
			buildPhases = (
				0C03A6FB285D639800D029F9 /* Sources */,
				0C03A6FC285D639800D029F9 /* Frameworks */,
				0C03A6FD285D639800D029F9 /* Resources */,
			);
			buildRules = (
			);
			dependencies = (
			);
			name = SwiftUIPlayGround;
			productName = SwiftUIPlayGround;
			productReference = 0C03A6FF285D639800D029F9 /* SwiftUIPlayGround.app */;
			productType = "com.apple.product-type.application";
		};
/* End PBXNativeTarget section */

/* Begin PBXProject section */
		0C03A6F7285D639800D029F9 /* Project object */ = {
			isa = PBXProject;
			attributes = {
				BuildIndependentTargetsInParallel = 1;
				LastSwiftUpdateCheck = 1340;
				LastUpgradeCheck = 1340;
				TargetAttributes = {
					0C03A6FE285D639800D029F9 = {
						CreatedOnToolsVersion = 13.4.1;
					};
				};
			};
			buildConfigurationList = 0C03A6FA285D639800D029F9 /* Build configuration list for PBXProject "SwiftUIPlayGround" */;
			compatibilityVersion = "Xcode 13.0";
			developmentRegion = en;
			hasScannedForEncodings = 0;
			knownRegions = (
				en,
				Base,
			);
			mainGroup = 0C03A6F6285D639800D029F9;
			productRefGroup = 0C03A700285D639800D029F9 /* Products */;
			projectDirPath = "";
			projectRoot = "";
			targets = (
				0C03A6FE285D639800D029F9 /* SwiftUIPlayGround */,
			);
		};
/* End PBXProject section */

/* Begin PBXResourcesBuildPhase section */
		0C03A6FD285D639800D029F9 /* Resources */ = {
			isa = PBXResourcesBuildPhase;
			buildActionMask = 2147483647;
			files = (
				0C03A70A285D639A00D029F9 /* Preview Assets.xcassets in Resources */,
				0C03A707285D639A00D029F9 /* Assets.xcassets in Resources */,
			);
			runOnlyForDeploymentPostprocessing = 0;
		};
/* End PBXResourcesBuildPhase section */

/* Begin PBXSourcesBuildPhase section */
		0C03A6FB285D639800D029F9 /* Sources */ = {
			isa = PBXSourcesBuildPhase;
			buildActionMask = 2147483647;
			files = (
				0C03A705285D639800D029F9 /* ContentView.swift in Sources */,
				0C03A71F285F5B8E00D029F9 /* CustomTap.swift in Sources */,
				0C6BC02228614DCA005229AB /* CustomTapMultiple.swift in Sources */,
				0C03A719285DEE5C00D029F9 /* CustomShapeOther.swift in Sources */,
				0C03A703285D639800D029F9 /* SwiftUIPlayGroundApp.swift in Sources */,
				0C8CBF5F28616053001A0042 /* CustomAnimationWithViewObject.swift in Sources */,
				0C91DA1D28651DE200631DF3 /* BackGroundAndOverlay.swift in Sources */,
				0C8CBF6728616FFE001A0042 /* CustomAnimationVariation.swift in Sources */,
				0C8CBF6A28627547001A0042 /* CustomTransition.swift in Sources */,
				0C03A721285F5F6A00D029F9 /* CustomDrag.swift in Sources */,
				0C91DA1F2867125700631DF3 /* Alignment.swift in Sources */,
				0C91DA182863C82A00631DF3 /* GeometryReaderSizeSafeArea.swift in Sources */,
				0C8CBF5B286155AC001A0042 /* CustomRotationAndMag.swift in Sources */,
				0C03A713285DE4ED00D029F9 /* CustumShapeLine.swift in Sources */,
				0C03A715285DEB6500D029F9 /* CustomShapeRect.swift in Sources */,
				0C8CBF61286167B6001A0042 /* CustomAnimationWithBindingPropertyWithAnimation.swift in Sources */,
				0C91DA1A2863D2C700631DF3 /* GeometryReaderFrame.swift in Sources */,
				0C03A723285F641900D029F9 /* CustomMagnification.swift in Sources */,
				0C03A711285D70E900D029F9 /* Layout.swift in Sources */,
				0C8CBF6328616D89001A0042 /* CustomAnimationWithBindingPropertyWithModifire.swift in Sources */,
				0C91DA23286718D200631DF3 /* AlignmentGuide.swift in Sources */,
				0C91DA1328632F1E00631DF3 /* CustomTransitionOther.swift in Sources */,
			);
			runOnlyForDeploymentPostprocessing = 0;
		};
/* End PBXSourcesBuildPhase section */

/* Begin XCBuildConfiguration section */
		0C03A70B285D639A00D029F9 /* Debug */ = {
			isa = XCBuildConfiguration;
			buildSettings = {
				ALWAYS_SEARCH_USER_PATHS = NO;
				CLANG_ANALYZER_NONNULL = YES;
				CLANG_ANALYZER_NUMBER_OBJECT_CONVERSION = YES_AGGRESSIVE;
				CLANG_CXX_LANGUAGE_STANDARD = "gnu++17";
				CLANG_ENABLE_MODULES = YES;
				CLANG_ENABLE_OBJC_ARC = YES;
				CLANG_ENABLE_OBJC_WEAK = YES;
				CLANG_WARN_BLOCK_CAPTURE_AUTORELEASING = YES;
				CLANG_WARN_BOOL_CONVERSION = YES;
				CLANG_WARN_COMMA = YES;
				CLANG_WARN_CONSTANT_CONVERSION = YES;
				CLANG_WARN_DEPRECATED_OBJC_IMPLEMENTATIONS = YES;
				CLANG_WARN_DIRECT_OBJC_ISA_USAGE = YES_ERROR;
				CLANG_WARN_DOCUMENTATION_COMMENTS = YES;
				CLANG_WARN_EMPTY_BODY = YES;
				CLANG_WARN_ENUM_CONVERSION = YES;
				CLANG_WARN_INFINITE_RECURSION = YES;
				CLANG_WARN_INT_CONVERSION = YES;
				CLANG_WARN_NON_LITERAL_NULL_CONVERSION = YES;
				CLANG_WARN_OBJC_IMPLICIT_RETAIN_SELF = YES;
				CLANG_WARN_OBJC_LITERAL_CONVERSION = YES;
				CLANG_WARN_OBJC_ROOT_CLASS = YES_ERROR;
				CLANG_WARN_QUOTED_INCLUDE_IN_FRAMEWORK_HEADER = YES;
				CLANG_WARN_RANGE_LOOP_ANALYSIS = YES;
				CLANG_WARN_STRICT_PROTOTYPES = YES;
				CLANG_WARN_SUSPICIOUS_MOVE = YES;
				CLANG_WARN_UNGUARDED_AVAILABILITY = YES_AGGRESSIVE;
				CLANG_WARN_UNREACHABLE_CODE = YES;
				CLANG_WARN__DUPLICATE_METHOD_MATCH = YES;
				COPY_PHASE_STRIP = NO;
				DEBUG_INFORMATION_FORMAT = dwarf;
				ENABLE_STRICT_OBJC_MSGSEND = YES;
				ENABLE_TESTABILITY = YES;
				GCC_C_LANGUAGE_STANDARD = gnu11;
				GCC_DYNAMIC_NO_PIC = NO;
				GCC_NO_COMMON_BLOCKS = YES;
				GCC_OPTIMIZATION_LEVEL = 0;
				GCC_PREPROCESSOR_DEFINITIONS = (
					"DEBUG=1",
					"$(inherited)",
				);
				GCC_WARN_64_TO_32_BIT_CONVERSION = YES;
				GCC_WARN_ABOUT_RETURN_TYPE = YES_ERROR;
				GCC_WARN_UNDECLARED_SELECTOR = YES;
				GCC_WARN_UNINITIALIZED_AUTOS = YES_AGGRESSIVE;
				GCC_WARN_UNUSED_FUNCTION = YES;
				GCC_WARN_UNUSED_VARIABLE = YES;
				IPHONEOS_DEPLOYMENT_TARGET = 15.5;
				MTL_ENABLE_DEBUG_INFO = INCLUDE_SOURCE;
				MTL_FAST_MATH = YES;
				ONLY_ACTIVE_ARCH = YES;
				SDKROOT = iphoneos;
				SWIFT_ACTIVE_COMPILATION_CONDITIONS = DEBUG;
				SWIFT_OPTIMIZATION_LEVEL = "-Onone";
			};
			name = Debug;
		};
		0C03A70C285D639A00D029F9 /* Release */ = {
			isa = XCBuildConfiguration;
			buildSettings = {
				ALWAYS_SEARCH_USER_PATHS = NO;
				CLANG_ANALYZER_NONNULL = YES;
				CLANG_ANALYZER_NUMBER_OBJECT_CONVERSION = YES_AGGRESSIVE;
				CLANG_CXX_LANGUAGE_STANDARD = "gnu++17";
				CLANG_ENABLE_MODULES = YES;
				CLANG_ENABLE_OBJC_ARC = YES;
				CLANG_ENABLE_OBJC_WEAK = YES;
				CLANG_WARN_BLOCK_CAPTURE_AUTORELEASING = YES;
				CLANG_WARN_BOOL_CONVERSION = YES;
				CLANG_WARN_COMMA = YES;
				CLANG_WARN_CONSTANT_CONVERSION = YES;
				CLANG_WARN_DEPRECATED_OBJC_IMPLEMENTATIONS = YES;
				CLANG_WARN_DIRECT_OBJC_ISA_USAGE = YES_ERROR;
				CLANG_WARN_DOCUMENTATION_COMMENTS = YES;
				CLANG_WARN_EMPTY_BODY = YES;
				CLANG_WARN_ENUM_CONVERSION = YES;
				CLANG_WARN_INFINITE_RECURSION = YES;
				CLANG_WARN_INT_CONVERSION = YES;
				CLANG_WARN_NON_LITERAL_NULL_CONVERSION = YES;
				CLANG_WARN_OBJC_IMPLICIT_RETAIN_SELF = YES;
				CLANG_WARN_OBJC_LITERAL_CONVERSION = YES;
				CLANG_WARN_OBJC_ROOT_CLASS = YES_ERROR;
				CLANG_WARN_QUOTED_INCLUDE_IN_FRAMEWORK_HEADER = YES;
				CLANG_WARN_RANGE_LOOP_ANALYSIS = YES;
				CLANG_WARN_STRICT_PROTOTYPES = YES;
				CLANG_WARN_SUSPICIOUS_MOVE = YES;
				CLANG_WARN_UNGUARDED_AVAILABILITY = YES_AGGRESSIVE;
				CLANG_WARN_UNREACHABLE_CODE = YES;
				CLANG_WARN__DUPLICATE_METHOD_MATCH = YES;
				COPY_PHASE_STRIP = NO;
				DEBUG_INFORMATION_FORMAT = "dwarf-with-dsym";
				ENABLE_NS_ASSERTIONS = NO;
				ENABLE_STRICT_OBJC_MSGSEND = YES;
				GCC_C_LANGUAGE_STANDARD = gnu11;
				GCC_NO_COMMON_BLOCKS = YES;
				GCC_WARN_64_TO_32_BIT_CONVERSION = YES;
				GCC_WARN_ABOUT_RETURN_TYPE = YES_ERROR;
				GCC_WARN_UNDECLARED_SELECTOR = YES;
				GCC_WARN_UNINITIALIZED_AUTOS = YES_AGGRESSIVE;
				GCC_WARN_UNUSED_FUNCTION = YES;
				GCC_WARN_UNUSED_VARIABLE = YES;
				IPHONEOS_DEPLOYMENT_TARGET = 15.5;
				MTL_ENABLE_DEBUG_INFO = NO;
				MTL_FAST_MATH = YES;
				SDKROOT = iphoneos;
				SWIFT_COMPILATION_MODE = wholemodule;
				SWIFT_OPTIMIZATION_LEVEL = "-O";
				VALIDATE_PRODUCT = YES;
			};
			name = Release;
		};
		0C03A70E285D639A00D029F9 /* Debug */ = {
			isa = XCBuildConfiguration;
			buildSettings = {
				ASSETCATALOG_COMPILER_APPICON_NAME = AppIcon;
				ASSETCATALOG_COMPILER_GLOBAL_ACCENT_COLOR_NAME = AccentColor;
				CODE_SIGN_STYLE = Automatic;
				CURRENT_PROJECT_VERSION = 1;
				DEVELOPMENT_ASSET_PATHS = "\"SwiftUIPlayGround/Preview Content\"";
				DEVELOPMENT_TEAM = 38MT9LSMPC;
				ENABLE_PREVIEWS = YES;
				GENERATE_INFOPLIST_FILE = YES;
				INFOPLIST_KEY_UIApplicationSceneManifest_Generation = YES;
				INFOPLIST_KEY_UIApplicationSupportsIndirectInputEvents = YES;
				INFOPLIST_KEY_UILaunchScreen_Generation = YES;
				INFOPLIST_KEY_UISupportedInterfaceOrientations_iPad = "UIInterfaceOrientationPortrait UIInterfaceOrientationPortraitUpsideDown UIInterfaceOrientationLandscapeLeft UIInterfaceOrientationLandscapeRight";
				INFOPLIST_KEY_UISupportedInterfaceOrientations_iPhone = "UIInterfaceOrientationPortrait UIInterfaceOrientationLandscapeLeft UIInterfaceOrientationLandscapeRight";
				LD_RUNPATH_SEARCH_PATHS = (
					"$(inherited)",
					"@executable_path/Frameworks",
				);
				MARKETING_VERSION = 1.0;
				PRODUCT_BUNDLE_IDENTIFIER = com.tsonobe.SwiftUIPlayGround;
				PRODUCT_NAME = "$(TARGET_NAME)";
				SWIFT_EMIT_LOC_STRINGS = YES;
				SWIFT_VERSION = 5.0;
				TARGETED_DEVICE_FAMILY = "1,2";
			};
			name = Debug;
		};
		0C03A70F285D639A00D029F9 /* Release */ = {
			isa = XCBuildConfiguration;
			buildSettings = {
				ASSETCATALOG_COMPILER_APPICON_NAME = AppIcon;
				ASSETCATALOG_COMPILER_GLOBAL_ACCENT_COLOR_NAME = AccentColor;
				CODE_SIGN_STYLE = Automatic;
				CURRENT_PROJECT_VERSION = 1;
				DEVELOPMENT_ASSET_PATHS = "\"SwiftUIPlayGround/Preview Content\"";
				DEVELOPMENT_TEAM = 38MT9LSMPC;
				ENABLE_PREVIEWS = YES;
				GENERATE_INFOPLIST_FILE = YES;
				INFOPLIST_KEY_UIApplicationSceneManifest_Generation = YES;
				INFOPLIST_KEY_UIApplicationSupportsIndirectInputEvents = YES;
				INFOPLIST_KEY_UILaunchScreen_Generation = YES;
				INFOPLIST_KEY_UISupportedInterfaceOrientations_iPad = "UIInterfaceOrientationPortrait UIInterfaceOrientationPortraitUpsideDown UIInterfaceOrientationLandscapeLeft UIInterfaceOrientationLandscapeRight";
				INFOPLIST_KEY_UISupportedInterfaceOrientations_iPhone = "UIInterfaceOrientationPortrait UIInterfaceOrientationLandscapeLeft UIInterfaceOrientationLandscapeRight";
				LD_RUNPATH_SEARCH_PATHS = (
					"$(inherited)",
					"@executable_path/Frameworks",
				);
				MARKETING_VERSION = 1.0;
				PRODUCT_BUNDLE_IDENTIFIER = com.tsonobe.SwiftUIPlayGround;
				PRODUCT_NAME = "$(TARGET_NAME)";
				SWIFT_EMIT_LOC_STRINGS = YES;
				SWIFT_VERSION = 5.0;
				TARGETED_DEVICE_FAMILY = "1,2";
			};
			name = Release;
		};
/* End XCBuildConfiguration section */

/* Begin XCConfigurationList section */
		0C03A6FA285D639800D029F9 /* Build configuration list for PBXProject "SwiftUIPlayGround" */ = {
			isa = XCConfigurationList;
			buildConfigurations = (
				0C03A70B285D639A00D029F9 /* Debug */,
				0C03A70C285D639A00D029F9 /* Release */,
			);
			defaultConfigurationIsVisible = 0;
			defaultConfigurationName = Release;
		};
		0C03A70D285D639A00D029F9 /* Build configuration list for PBXNativeTarget "SwiftUIPlayGround" */ = {
			isa = XCConfigurationList;
			buildConfigurations = (
				0C03A70E285D639A00D029F9 /* Debug */,
				0C03A70F285D639A00D029F9 /* Release */,
			);
			defaultConfigurationIsVisible = 0;
			defaultConfigurationName = Release;
		};
/* End XCConfigurationList section */
	};
	rootObject = 0C03A6F7285D639800D029F9 /* Project object */;
}
